// !$*UTF8*$!
{
	archiveVersion = 1;
	classes = {
	};
	objectVersion = 50;
	objects = {

/* Begin PBXBuildFile section */
		65248B9E2457663D009C0F0E /* AppDelegate.swift in Sources */ = {isa = PBXBuildFile; fileRef = 65248B9D2457663D009C0F0E /* AppDelegate.swift */; };
		65248BA02457663D009C0F0E /* SceneDelegate.swift in Sources */ = {isa = PBXBuildFile; fileRef = 65248B9F2457663D009C0F0E /* SceneDelegate.swift */; };
		65248BA22457663D009C0F0E /* ViewController.swift in Sources */ = {isa = PBXBuildFile; fileRef = 65248BA12457663D009C0F0E /* ViewController.swift */; };
		65248BA52457663D009C0F0E /* Main.storyboard in Resources */ = {isa = PBXBuildFile; fileRef = 65248BA32457663D009C0F0E /* Main.storyboard */; };
		65248BA72457663E009C0F0E /* Assets.xcassets in Resources */ = {isa = PBXBuildFile; fileRef = 65248BA62457663E009C0F0E /* Assets.xcassets */; };
		65248BAA2457663E009C0F0E /* LaunchScreen.storyboard in Resources */ = {isa = PBXBuildFile; fileRef = 65248BA82457663E009C0F0E /* LaunchScreen.storyboard */; };
/* End PBXBuildFile section */

/* Begin PBXFileReference section */
		65248B9A2457663D009C0F0E /* SelectionMultiple_TV.app */ = {isa = PBXFileReference; explicitFileType = wrapper.application; includeInIndex = 0; path = SelectionMultiple_TV.app; sourceTree = BUILT_PRODUCTS_DIR; };
		65248B9D2457663D009C0F0E /* AppDelegate.swift */ = {isa = PBXFileReference; lastKnownFileType = sourcecode.swift; path = AppDelegate.swift; sourceTree = "<group>"; };
		65248B9F2457663D009C0F0E /* SceneDelegate.swift */ = {isa = PBXFileReference; lastKnownFileType = sourcecode.swift; path = SceneDelegate.swift; sourceTree = "<group>"; };
		65248BA12457663D009C0F0E /* ViewController.swift */ = {isa = PBXFileReference; lastKnownFileType = sourcecode.swift; path = ViewController.swift; sourceTree = "<group>"; };
		65248BA42457663D009C0F0E /* Base */ = {isa = PBXFileReference; lastKnownFileType = file.storyboard; name = Base; path = Base.lproj/Main.storyboard; sourceTree = "<group>"; };
		65248BA62457663E009C0F0E /* Assets.xcassets */ = {isa = PBXFileReference; lastKnownFileType = folder.assetcatalog; path = Assets.xcassets; sourceTree = "<group>"; };
		65248BA92457663E009C0F0E /* Base */ = {isa = PBXFileReference; lastKnownFileType = file.storyboard; name = Base; path = Base.lproj/LaunchScreen.storyboard; sourceTree = "<group>"; };
		65248BAB2457663E009C0F0E /* Info.plist */ = {isa = PBXFileReference; lastKnownFileType = text.plist.xml; path = Info.plist; sourceTree = "<group>"; };
/* End PBXFileReference section */

/* Begin PBXFrameworksBuildPhase section */
		65248B972457663D009C0F0E /* Frameworks */ = {
			isa = PBXFrameworksBuildPhase;
			buildActionMask = 2147483647;
			files = (
			);
			runOnlyForDeploymentPostprocessing = 0;
		};
/* End PBXFrameworksBuildPhase section */

/* Begin PBXGroup section */
		65248B912457663D009C0F0E = {
			isa = PBXGroup;
			children = (
				65248B9C2457663D009C0F0E /* SelectionMultiple_TV */,
				65248B9B2457663D009C0F0E /* Products */,
			);
			sourceTree = "<group>";
		};
		65248B9B2457663D009C0F0E /* Products */ = {
			isa = PBXGroup;
			children = (
				65248B9A2457663D009C0F0E /* SelectionMultiple_TV.app */,
			);
			name = Products;
			sourceTree = "<group>";
		};
		65248B9C2457663D009C0F0E /* SelectionMultiple_TV */ = {
			isa = PBXGroup;
			children = (
				65248B9D2457663D009C0F0E /* AppDelegate.swift */,
				65248B9F2457663D009C0F0E /* SceneDelegate.swift */,
				65248BA12457663D009C0F0E /* ViewController.swift */,
				65248BA32457663D009C0F0E /* Main.storyboard */,
				65248BA62457663E009C0F0E /* Assets.xcassets */,
				65248BA82457663E009C0F0E /* LaunchScreen.storyboard */,
				65248BAB2457663E009C0F0E /* Info.plist */,
			);
			path = SelectionMultiple_TV;
			sourceTree = "<group>";
		};
/* End PBXGroup section */

/* Begin PBXNativeTarget section */
		65248B992457663D009C0F0E /* SelectionMultiple_TV */ = {
			isa = PBXNativeTarget;
			buildConfigurationList = 65248BAE2457663E009C0F0E /* Build configuration list for PBXNativeTarget "SelectionMultiple_TV" */;
			buildPhases = (
				65248B962457663D009C0F0E /* Sources */,
				65248B972457663D009C0F0E /* Frameworks */,
				65248B982457663D009C0F0E /* Resources */,
			);
			buildRules = (
			);
			dependencies = (
			);
			name = SelectionMultiple_TV;
			productName = SelectionMultiple_TV;
			productReference = 65248B9A2457663D009C0F0E /* SelectionMultiple_TV.app */;
			productType = "com.apple.product-type.application";
		};
/* End PBXNativeTarget section */

/* Begin PBXProject section */
		65248B922457663D009C0F0E /* Project object */ = {
			isa = PBXProject;
			attributes = {
				LastSwiftUpdateCheck = 1120;
				LastUpgradeCheck = 1120;
				ORGANIZATIONNAME = "Mayurii Gajbhiye";
				TargetAttributes = {
					65248B992457663D009C0F0E = {
						CreatedOnToolsVersion = 11.2.1;
					};
				};
			};
			buildConfigurationList = 65248B952457663D009C0F0E /* Build configuration list for PBXProject "SelectionMultiple_TV" */;
			compatibilityVersion = "Xcode 9.3";
			developmentRegion = en;
			hasScannedForEncodings = 0;
			knownRegions = (
				en,
				Base,
			);
			mainGroup = 65248B912457663D009C0F0E;
			productRefGroup = 65248B9B2457663D009C0F0E /* Products */;
			projectDirPath = "";
			projectRoot = "";
			targets = (
				65248B992457663D009C0F0E /* SelectionMultiple_TV */,
			);
		};
/* End PBXProject section */

/* Begin PBXResourcesBuildPhase section */
		65248B982457663D009C0F0E /* Resources */ = {
			isa = PBXResourcesBuildPhase;
			buildActionMask = 2147483647;
			files = (
				65248BAA2457663E009C0F0E /* LaunchScreen.storyboard in Resources */,
				65248BA72457663E009C0F0E /* Assets.xcassets in Resources */,
				65248BA52457663D009C0F0E /* Main.storyboard in Resources */,
			);
			runOnlyForDeploymentPostprocessing = 0;
		};
/* End PBXResourcesBuildPhase section */

/* Begin PBXSourcesBuildPhase section */
		65248B962457663D009C0F0E /* Sources */ = {
			isa = PBXSourcesBuildPhase;
			buildActionMask = 2147483647;
			files = (
				65248BA22457663D009C0F0E /* ViewController.swift in Sources */,
				65248B9E2457663D009C0F0E /* AppDelegate.swift in Sources */,
				65248BA02457663D009C0F0E /* SceneDelegate.swift in Sources */,
			);
			runOnlyForDeploymentPostprocessing = 0;
		};
/* End PBXSourcesBuildPhase section */

/* Begin PBXVariantGroup section */
		65248BA32457663D009C0F0E /* Main.storyboard */ = {
			isa = PBXVariantGroup;
			children = (
				65248BA42457663D009C0F0E /* Base */,
			);
			name = Main.storyboard;
			sourceTree = "<group>";
		};
		65248BA82457663E009C0F0E /* LaunchScreen.storyboard */ = {
			isa = PBXVariantGroup;
			children = (
				65248BA92457663E009C0F0E /* Base */,
			);
			name = LaunchScreen.storyboard;
			sourceTree = "<group>";
		};
/* End PBXVariantGroup section */

/* Begin XCBuildConfiguration section */
		65248BAC2457663E009C0F0E /* Debug */ = {
			isa = XCBuildConfiguration;
			buildSettings = {
				ALWAYS_SEARCH_USER_PATHS = NO;
				CLANG_ANALYZER_NONNULL = YES;
				CLANG_ANALYZER_NUMBER_OBJECT_CONVERSION = YES_AGGRESSIVE;
				CLANG_CXX_LANGUAGE_STANDARD = "gnu++14";
				CLANG_CXX_LIBRARY = "libc++";
				CLANG_ENABLE_MODULES = YES;
				CLANG_ENABLE_OBJC_ARC = YES;
				CLANG_ENABLE_OBJC_WEAK = YES;
				CLANG_WARN_BLOCK_CAPTURE_AUTORELEASING = YES;
				CLANG_WARN_BOOL_CONVERSION = YES;
				CLANG_WARN_COMMA = YES;
				CLANG_WARN_CONSTANT_CONVERSION = YES;
				CLANG_WARN_DEPRECATED_OBJC_IMPLEMENTATIONS = YES;
				CLANG_WARN_DIRECT_OBJC_ISA_USAGE = YES_ERROR;
				CLANG_WARN_DOCUMENTATION_COMMENTS = YES;
				CLANG_WARN_EMPTY_BODY = YES;
				CLANG_WARN_ENUM_CONVERSION = YES;
				CLANG_WARN_INFINITE_RECURSION = YES;
				CLANG_WARN_INT_CONVERSION = YES;
				CLANG_WARN_NON_LITERAL_NULL_CONVERSION = YES;
				CLANG_WARN_OBJC_IMPLICIT_RETAIN_SELF = YES;
				CLANG_WARN_OBJC_LITERAL_CONVERSION = YES;
				CLANG_WARN_OBJC_ROOT_CLASS = YES_ERROR;
				CLANG_WARN_RANGE_LOOP_ANALYSIS = YES;
				CLANG_WARN_STRICT_PROTOTYPES = YES;
				CLANG_WARN_SUSPICIOUS_MOVE = YES;
				CLANG_WARN_UNGUARDED_AVAILABILITY = YES_AGGRESSIVE;
				CLANG_WARN_UNREACHABLE_CODE = YES;
				CLANG_WARN__DUPLICATE_METHOD_MATCH = YES;
				COPY_PHASE_STRIP = NO;
				DEBUG_INFORMATION_FORMAT = dwarf;
				ENABLE_STRICT_OBJC_MSGSEND = YES;
				ENABLE_TESTABILITY = YES;
				GCC_C_LANGUAGE_STANDARD = gnu11;
				GCC_DYNAMIC_NO_PIC = NO;
				GCC_NO_COMMON_BLOCKS = YES;
				GCC_OPTIMIZATION_LEVEL = 0;
				GCC_PREPROCESSOR_DEFINITIONS = (
					"DEBUG=1",
					"$(inherited)",
				);
				GCC_WARN_64_TO_32_BIT_CONVERSION = YES;
				GCC_WARN_ABOUT_RETURN_TYPE = YES_ERROR;
				GCC_WARN_UNDECLARED_SELECTOR = YES;
				GCC_WARN_UNINITIALIZED_AUTOS = YES_AGGRESSIVE;
				GCC_WARN_UNUSED_FUNCTION = YES;
				GCC_WARN_UNUSED_VARIABLE = YES;
				IPHONEOS_DEPLOYMENT_TARGET = 13.2;
				MTL_ENABLE_DEBUG_INFO = INCLUDE_SOURCE;
				MTL_FAST_MATH = YES;
				ONLY_ACTIVE_ARCH = YES;
				SDKROOT = iphoneos;
				SWIFT_ACTIVE_COMPILATION_CONDITIONS = DEBUG;
				SWIFT_OPTIMIZATION_LEVEL = "-Onone";
			};
			name = Debug;
		};
		65248BAD2457663E009C0F0E /* Release */ = {
			isa = XCBuildConfiguration;
			buildSettings = {
				ALWAYS_SEARCH_USER_PATHS = NO;
				CLANG_ANALYZER_NONNULL = YES;
				CLANG_ANALYZER_NUMBER_OBJECT_CONVERSION = YES_AGGRESSIVE;
				CLANG_CXX_LANGUAGE_STANDARD = "gnu++14";
				CLANG_CXX_LIBRARY = "libc++";
				CLANG_ENABLE_MODULES = YES;
				CLANG_ENABLE_OBJC_ARC = YES;
				CLANG_ENABLE_OBJC_WEAK = YES;
				CLANG_WARN_BLOCK_CAPTURE_AUTORELEASING = YES;
				CLANG_WARN_BOOL_CONVERSION = YES;
				CLANG_WARN_COMMA = YES;
				CLANG_WARN_CONSTANT_CONVERSION = YES;
				CLANG_WARN_DEPRECATED_OBJC_IMPLEMENTATIONS = YES;
				CLANG_WARN_DIRECT_OBJC_ISA_USAGE = YES_ERROR;
				CLANG_WARN_DOCUMENTATION_COMMENTS = YES;
				CLANG_WARN_EMPTY_BODY = YES;
				CLANG_WARN_ENUM_CONVERSION = YES;
				CLANG_WARN_INFINITE_RECURSION = YES;
				CLANG_WARN_INT_CONVERSION = YES;
				CLANG_WARN_NON_LITERAL_NULL_CONVERSION = YES;
				CLANG_WARN_OBJC_IMPLICIT_RETAIN_SELF = YES;
				CLANG_WARN_OBJC_LITERAL_CONVERSION = YES;
				CLANG_WARN_OBJC_ROOT_CLASS = YES_ERROR;
				CLANG_WARN_RANGE_LOOP_ANALYSIS = YES;
				CLANG_WARN_STRICT_PROTOTYPES = YES;
				CLANG_WARN_SUSPICIOUS_MOVE = YES;
				CLANG_WARN_UNGUARDED_AVAILABILITY = YES_AGGRESSIVE;
				CLANG_WARN_UNREACHABLE_CODE = YES;
				CLANG_WARN__DUPLICATE_METHOD_MATCH = YES;
				COPY_PHASE_STRIP = NO;
				DEBUG_INFORMATION_FORMAT = "dwarf-with-dsym";
				ENABLE_NS_ASSERTIONS = NO;
				ENABLE_STRICT_OBJC_MSGSEND = YES;
				GCC_C_LANGUAGE_STANDARD = gnu11;
				GCC_NO_COMMON_BLOCKS = YES;
				GCC_WARN_64_TO_32_BIT_CONVERSION = YES;
				GCC_WARN_ABOUT_RETURN_TYPE = YES_ERROR;
				GCC_WARN_UNDECLARED_SELECTOR = YES;
				GCC_WARN_UNINITIALIZED_AUTOS = YES_AGGRESSIVE;
				GCC_WARN_UNUSED_FUNCTION = YES;
				GCC_WARN_UNUSED_VARIABLE = YES;
				IPHONEOS_DEPLOYMENT_TARGET = 13.2;
				MTL_ENABLE_DEBUG_INFO = NO;
				MTL_FAST_MATH = YES;
				SDKROOT = iphoneos;
				SWIFT_COMPILATION_MODE = wholemodule;
				SWIFT_OPTIMIZATION_LEVEL = "-O";
				VALIDATE_PRODUCT = YES;
			};
			name = Release;
		};
		65248BAF2457663E009C0F0E /* Debug */ = {
			isa = XCBuildConfiguration;
			buildSettings = {
				ASSETCATALOG_COMPILER_APPICON_NAME = AppIcon;
				CODE_SIGN_STYLE = Automatic;
				INFOPLIST_FILE = SelectionMultiple_TV/Info.plist;
				LD_RUNPATH_SEARCH_PATHS = (
					"$(inherited)",
					"@executable_path/Frameworks",
				);
				PRODUCT_BUNDLE_IDENTIFIER = "in.mac.SelectionMultiple-TV";
				PRODUCT_NAME = "$(TARGET_NAME)";
				SWIFT_VERSION = 5.0;
				TARGETED_DEVICE_FAMILY = "1,2";
			};
			name = Debug;
		};
		65248BB02457663E009C0F0E /* Release */ = {
			isa = XCBuildConfiguration;
			buildSettings = {
				ASSETCATALOG_COMPILER_APPICON_NAME = AppIcon;
				CODE_SIGN_STYLE = Automatic;
				INFOPLIST_FILE = SelectionMultiple_TV/Info.plist;
				LD_RUNPATH_SEARCH_PATHS = (
					"$(inherited)",
					"@executable_path/Frameworks",
				);
				PRODUCT_BUNDLE_IDENTIFIER = "in.mac.SelectionMultiple-TV";
				PRODUCT_NAME = "$(TARGET_NAME)";
				SWIFT_VERSION = 5.0;
				TARGETED_DEVICE_FAMILY = "1,2";
			};
			name = Release;
		};
/* End XCBuildConfiguration section */

/* Begin XCConfigurationList section */
		65248B952457663D009C0F0E /* Build configuration list for PBXProject "SelectionMultiple_TV" */ = {
			isa = XCConfigurationList;
			buildConfigurations = (
				65248BAC2457663E009C0F0E /* Debug */,
				65248BAD2457663E009C0F0E /* Release */,
			);
			defaultConfigurationIsVisible = 0;
			defaultConfigurationName = Release;
		};
		65248BAE2457663E009C0F0E /* Build configuration list for PBXNativeTarget "SelectionMultiple_TV" */ = {
			isa = XCConfigurationList;
			buildConfigurations = (
				65248BAF2457663E009C0F0E /* Debug */,
				65248BB02457663E009C0F0E /* Release */,
			);
			defaultConfigurationIsVisible = 0;
			defaultConfigurationName = Release;
		};
/* End XCConfigurationList section */
	};
	rootObject = 65248B922457663D009C0F0E /* Project object */;
}
